
Microsoft Visual Studio Solution File, Format Version 12.00
# Visual Studio 15
VisualStudioVersion = 15.0.28307.1972
MinimumVisualStudioVersion = 10.0.40219.1
Project("{FAE04EC0-301F-11D3-BF4B-00C04F79EFBC}") = "tetris", "tetris\tetris.csproj", "{DE66C342-DBD8-4A4E-BE79-968EB62D7289}"
EndProject
Global
	GlobalSection(SolutionConfigurationPlatforms) = preSolution
		Debug|Any CPU = Debug|Any CPU
		Release|Any CPU = Release|Any CPU
	EndGlobalSection
	GlobalSection(ProjectConfigurationPlatforms) = postSolution
		{DE66C342-DBD8-4A4E-BE79-968EB62D7289}.Debug|Any CPU.ActiveCfg = Debug|Any CPU
		{DE66C342-DBD8-4A4E-BE79-968EB62D7289}.Debug|Any CPU.Build.0 = Debug|Any CPU
		{DE66C342-DBD8-4A4E-BE79-968EB62D7289}.Release|Any CPU.ActiveCfg = Release|Any CPU
		{DE66C342-DBD8-4A4E-BE79-968EB62D7289}.Release|Any CPU.Build.0 = Release|Any CPU
	EndGlobalSection
	GlobalSection(SolutionProperties) = preSolution
		HideSolutionNode = FALSE
	EndGlobalSection
	GlobalSection(ExtensibilityGlobals) = postSolution
		SolutionGuid = {E85082F6-6E60-4B27-92E0-131433AC53A2}
	EndGlobalSection
EndGlobal
